
Microsoft Visual Studio Solution File, Format Version 12.00
# Visual Studio Version 17
VisualStudioVersion = 17.11.35222.181
MinimumVisualStudioVersion = 10.0.40219.1
Project("{9A19103F-16F7-4668-BE54-9A1E7A4F7556}") = "RedisAPI", "RedisAPI\RedisAPI.csproj", "{681ED643-AE2F-4214-91A7-1DC42D7AFD20}"
EndProject
Project("{9A19103F-16F7-4668-BE54-9A1E7A4F7556}") = "RedisServices", "RedisServices\RedisServices.csproj", "{296B32C0-0021-4074-990D-6654CFBD2ACE}"
EndProject
Project("{FAE04EC0-301F-11D3-BF4B-00C04F79EFBC}") = "Entity", "Entity\Entity.csproj", "{87BCAAF1-3621-4477-BB9B-56D53953281E}"
EndProject
Global
	GlobalSection(SolutionConfigurationPlatforms) = preSolution
		Debug|Any CPU = Debug|Any CPU
		Release|Any CPU = Release|Any CPU
	EndGlobalSection
	GlobalSection(ProjectConfigurationPlatforms) = postSolution
		{681ED643-AE2F-4214-91A7-1DC42D7AFD20}.Debug|Any CPU.ActiveCfg = Debug|Any CPU
		{681ED643-AE2F-4214-91A7-1DC42D7AFD20}.Debug|Any CPU.Build.0 = Debug|Any CPU
		{681ED643-AE2F-4214-91A7-1DC42D7AFD20}.Release|Any CPU.ActiveCfg = Release|Any CPU
		{681ED643-AE2F-4214-91A7-1DC42D7AFD20}.Release|Any CPU.Build.0 = Release|Any CPU
		{296B32C0-0021-4074-990D-6654CFBD2ACE}.Debug|Any CPU.ActiveCfg = Debug|Any CPU
		{296B32C0-0021-4074-990D-6654CFBD2ACE}.Debug|Any CPU.Build.0 = Debug|Any CPU
		{296B32C0-0021-4074-990D-6654CFBD2ACE}.Release|Any CPU.ActiveCfg = Release|Any CPU
		{296B32C0-0021-4074-990D-6654CFBD2ACE}.Release|Any CPU.Build.0 = Release|Any CPU
		{87BCAAF1-3621-4477-BB9B-56D53953281E}.Debug|Any CPU.ActiveCfg = Debug|Any CPU
		{87BCAAF1-3621-4477-BB9B-56D53953281E}.Debug|Any CPU.Build.0 = Debug|Any CPU
		{87BCAAF1-3621-4477-BB9B-56D53953281E}.Release|Any CPU.ActiveCfg = Release|Any CPU
		{87BCAAF1-3621-4477-BB9B-56D53953281E}.Release|Any CPU.Build.0 = Release|Any CPU
	EndGlobalSection
	GlobalSection(SolutionProperties) = preSolution
		HideSolutionNode = FALSE
	EndGlobalSection
	GlobalSection(ExtensibilityGlobals) = postSolution
		SolutionGuid = {C36FCAFD-067F-439D-93A3-D81E03003BE2}
	EndGlobalSection
EndGlobal
